
Microsoft Visual Studio Solution File, Format Version 12.00
# Visual Studio Version 16
VisualStudioVersion = 16.0.31729.503
MinimumVisualStudioVersion = 10.0.40219.1
Project("{9A19103F-16F7-4668-BE54-9A1E7A4F7556}") = "SuperHero", "SuperHero\SuperHero.csproj", "{1F247AF0-0BD3-4891-A876-A5F806B9D2BF}"
EndProject
Project("{9A19103F-16F7-4668-BE54-9A1E7A4F7556}") = "SuperHero.Core", "SuperHero.Core\SuperHero.Core.csproj", "{3E23E447-2A37-4A09-A89C-85D9049906FA}"
EndProject
Project("{9A19103F-16F7-4668-BE54-9A1E7A4F7556}") = "SuperHerore.Application", "SuperHerore.Application\SuperHerore.Application.csproj", "{F330A65A-02EE-4E81-A309-DA23D3CB1AEC}"
EndProject
Project("{9A19103F-16F7-4668-BE54-9A1E7A4F7556}") = "SuperHerore.Infrastructure", "SuperHerore.Infrastructure\SuperHerore.Infrastructure.csproj", "{CD880062-5CBC-4788-A666-1C65633ABF79}"
EndProject
Project("{FAE04EC0-301F-11D3-BF4B-00C04F79EFBC}") = "SuperHero.UnitTest", "SuperHero.UnitTest\SuperHero.UnitTest.csproj", "{CCB415A8-7F11-45A7-9B13-35FDCDD3896A}"
EndProject
Global
	GlobalSection(SolutionConfigurationPlatforms) = preSolution
		Debug|Any CPU = Debug|Any CPU
		Release|Any CPU = Release|Any CPU
	EndGlobalSection
	GlobalSection(ProjectConfigurationPlatforms) = postSolution
		{1F247AF0-0BD3-4891-A876-A5F806B9D2BF}.Debug|Any CPU.ActiveCfg = Debug|Any CPU
		{1F247AF0-0BD3-4891-A876-A5F806B9D2BF}.Debug|Any CPU.Build.0 = Debug|Any CPU
		{1F247AF0-0BD3-4891-A876-A5F806B9D2BF}.Release|Any CPU.ActiveCfg = Release|Any CPU
		{1F247AF0-0BD3-4891-A876-A5F806B9D2BF}.Release|Any CPU.Build.0 = Release|Any CPU
		{3E23E447-2A37-4A09-A89C-85D9049906FA}.Debug|Any CPU.ActiveCfg = Debug|Any CPU
		{3E23E447-2A37-4A09-A89C-85D9049906FA}.Debug|Any CPU.Build.0 = Debug|Any CPU
		{3E23E447-2A37-4A09-A89C-85D9049906FA}.Release|Any CPU.ActiveCfg = Release|Any CPU
		{3E23E447-2A37-4A09-A89C-85D9049906FA}.Release|Any CPU.Build.0 = Release|Any CPU
		{F330A65A-02EE-4E81-A309-DA23D3CB1AEC}.Debug|Any CPU.ActiveCfg = Debug|Any CPU
		{F330A65A-02EE-4E81-A309-DA23D3CB1AEC}.Debug|Any CPU.Build.0 = Debug|Any CPU
		{F330A65A-02EE-4E81-A309-DA23D3CB1AEC}.Release|Any CPU.ActiveCfg = Release|Any CPU
		{F330A65A-02EE-4E81-A309-DA23D3CB1AEC}.Release|Any CPU.Build.0 = Release|Any CPU
		{CD880062-5CBC-4788-A666-1C65633ABF79}.Debug|Any CPU.ActiveCfg = Debug|Any CPU
		{CD880062-5CBC-4788-A666-1C65633ABF79}.Debug|Any CPU.Build.0 = Debug|Any CPU
		{CD880062-5CBC-4788-A666-1C65633ABF79}.Release|Any CPU.ActiveCfg = Release|Any CPU
		{CD880062-5CBC-4788-A666-1C65633ABF79}.Release|Any CPU.Build.0 = Release|Any CPU
		{CCB415A8-7F11-45A7-9B13-35FDCDD3896A}.Debug|Any CPU.ActiveCfg = Debug|Any CPU
		{CCB415A8-7F11-45A7-9B13-35FDCDD3896A}.Debug|Any CPU.Build.0 = Debug|Any CPU
		{CCB415A8-7F11-45A7-9B13-35FDCDD3896A}.Release|Any CPU.ActiveCfg = Release|Any CPU
		{CCB415A8-7F11-45A7-9B13-35FDCDD3896A}.Release|Any CPU.Build.0 = Release|Any CPU
	EndGlobalSection
	GlobalSection(SolutionProperties) = preSolution
		HideSolutionNode = FALSE
	EndGlobalSection
	GlobalSection(ExtensibilityGlobals) = postSolution
		SolutionGuid = {2B85C933-02A1-4EBE-A390-71AA659ECEFA}
	EndGlobalSection
EndGlobal
